// !$*UTF8*$!
{
	archiveVersion = 1;
	classes = {
	};
	objectVersion = 56;
	objects = {

/* Begin PBXBuildFile section */
		1A0E00672A1825B20019F534 /* AutomergeSwiftAdditions in Frameworks */ = {isa = PBXBuildFile; productRef = 1A0E00662A1825B20019F534 /* AutomergeSwiftAdditions */; };
		1A0E00692A1825B60019F534 /* Automerge in Frameworks */ = {isa = PBXBuildFile; productRef = 1A0E00682A1825B60019F534 /* Automerge */; };
		1A0E006C2A1826330019F534 /* AMTravelNotesModel.swift in Sources */ = {isa = PBXBuildFile; fileRef = 1A823EF429E8B8A20054DFA4 /* AMTravelNotesModel.swift */; };
		1A59B6E82A37B2FC003FF290 /* NSImage+pngData.swift in Sources */ = {isa = PBXBuildFile; fileRef = 1ADF90D12A36B1B400AA5A41 /* NSImage+pngData.swift */; };
		1A61B2892A379F3C00DF51B0 /* EncoderTests.swift in Sources */ = {isa = PBXBuildFile; fileRef = 1A61B2882A379F3C00DF51B0 /* EncoderTests.swift */; };
		1A61B28A2A37A02400DF51B0 /* CodableImage.swift in Sources */ = {isa = PBXBuildFile; fileRef = 1ADF90CF2A36B09200AA5A41 /* CodableImage.swift */; };
		1A74FCD22A38D29A003F210C /* ImagePicker.swift in Sources */ = {isa = PBXBuildFile; fileRef = 1A74FCD12A38D29A003F210C /* ImagePicker.swift */; };
		1A823EF529E8B8A20054DFA4 /* AMTravelNotesModel.swift in Sources */ = {isa = PBXBuildFile; fileRef = 1A823EF429E8B8A20054DFA4 /* AMTravelNotesModel.swift */; };
		1ABECBA22A1448C600C966BB /* AutomergeSwiftAdditions in Frameworks */ = {isa = PBXBuildFile; productRef = 1ABECBA12A1448C600C966BB /* AutomergeSwiftAdditions */; };
		1ACCBA4029EDB2BA005777B1 /* SyncProtocol.swift in Sources */ = {isa = PBXBuildFile; fileRef = 1ACCBA3D29EDB2BA005777B1 /* SyncProtocol.swift */; };
		1ACCBA4129EDB2BA005777B1 /* PeerConnection.swift in Sources */ = {isa = PBXBuildFile; fileRef = 1ACCBA3C29EDB2BA005777B1 /* PeerConnection.swift */; };
		1ACCBA4229EDB2BA005777B1 /* PeerListener.swift in Sources */ = {isa = PBXBuildFile; fileRef = 1ACCBA3E29EDB2BA005777B1 /* PeerListener.swift */; };
		1ACCBA4329EDB2BA005777B1 /* PeerBrowser.swift in Sources */ = {isa = PBXBuildFile; fileRef = 1ACCBA3F29EDB2BA005777B1 /* PeerBrowser.swift */; };
		1ACCBA4429EDB2BA005777B1 /* NWParameters+InitWithPasscode.swift in Sources */ = {isa = PBXBuildFile; fileRef = 1ACCBA3B29EDB2BA005777B1 /* NWParameters+InitWithPasscode.swift */; };
		1ADF90D02A36B09200AA5A41 /* CodableImage.swift in Sources */ = {isa = PBXBuildFile; fileRef = 1ADF90CF2A36B09200AA5A41 /* CodableImage.swift */; };
		1ADF90D22A36B1B400AA5A41 /* NSImage+pngData.swift in Sources */ = {isa = PBXBuildFile; fileRef = 1ADF90D12A36B1B400AA5A41 /* NSImage+pngData.swift */; };
		1AF0BD7529CA62140039EB8B /* AMTravelNotesApp.swift in Sources */ = {isa = PBXBuildFile; fileRef = 1AF0BD7429CA62140039EB8B /* AMTravelNotesApp.swift */; };
		1AF0BD7729CA62140039EB8B /* AMTravelNotesDocument.swift in Sources */ = {isa = PBXBuildFile; fileRef = 1AF0BD7629CA62140039EB8B /* AMTravelNotesDocument.swift */; };
		1AF0BD7929CA62140039EB8B /* ContentView.swift in Sources */ = {isa = PBXBuildFile; fileRef = 1AF0BD7829CA62140039EB8B /* ContentView.swift */; };
		1AF0BD7B29CA62150039EB8B /* Assets.xcassets in Resources */ = {isa = PBXBuildFile; fileRef = 1AF0BD7A29CA62150039EB8B /* Assets.xcassets */; };
		1AF0BD8029CA62150039EB8B /* Preview Assets.xcassets in Resources */ = {isa = PBXBuildFile; fileRef = 1AF0BD7F29CA62150039EB8B /* Preview Assets.xcassets */; };
		1AF0BD9429CA62150039EB8B /* AMTravelNotesUITests.swift in Sources */ = {isa = PBXBuildFile; fileRef = 1AF0BD9329CA62150039EB8B /* AMTravelNotesUITests.swift */; };
		1AF0BD9629CA62150039EB8B /* AMTravelNotesUITestsLaunchTests.swift in Sources */ = {isa = PBXBuildFile; fileRef = 1AF0BD9529CA62150039EB8B /* AMTravelNotesUITestsLaunchTests.swift */; };
		1AF0BDA429CA62720039EB8B /* Automerge in Frameworks */ = {isa = PBXBuildFile; productRef = 1AF0BDA329CA62720039EB8B /* Automerge */; };
/* End PBXBuildFile section */

/* Begin PBXContainerItemProxy section */
		1A0E00642A1825350019F534 /* PBXContainerItemProxy */ = {
			isa = PBXContainerItemProxy;
			containerPortal = 1AF0BD6929CA62140039EB8B /* Project object */;
			proxyType = 1;
			remoteGlobalIDString = 1AF0BD7029CA62140039EB8B;
			remoteInfo = AMTravelNotes;
		};
		1AF0BD9029CA62150039EB8B /* PBXContainerItemProxy */ = {
			isa = PBXContainerItemProxy;
			containerPortal = 1AF0BD6929CA62140039EB8B /* Project object */;
			proxyType = 1;
			remoteGlobalIDString = 1AF0BD7029CA62140039EB8B;
			remoteInfo = AMTravelNotes;
		};
/* End PBXContainerItemProxy section */

/* Begin PBXFileReference section */
		1A2C46402A1439C900A3BED6 /* AMTravelNotes.xctestplan */ = {isa = PBXFileReference; lastKnownFileType = text; path = AMTravelNotes.xctestplan; sourceTree = "<group>"; };
		1A61B2882A379F3C00DF51B0 /* EncoderTests.swift */ = {isa = PBXFileReference; lastKnownFileType = sourcecode.swift; path = EncoderTests.swift; sourceTree = "<group>"; };
		1A74FCD12A38D29A003F210C /* ImagePicker.swift */ = {isa = PBXFileReference; lastKnownFileType = sourcecode.swift; path = ImagePicker.swift; sourceTree = "<group>"; };
		1A823EF429E8B8A20054DFA4 /* AMTravelNotesModel.swift */ = {isa = PBXFileReference; lastKnownFileType = sourcecode.swift; path = AMTravelNotesModel.swift; sourceTree = "<group>"; };
		1A96CA2B2A181E230092163C /* AMTravelNotesTests.xctest */ = {isa = PBXFileReference; explicitFileType = wrapper.cfbundle; includeInIndex = 0; path = AMTravelNotesTests.xctest; sourceTree = BUILT_PRODUCTS_DIR; };
		1ACCBA3B29EDB2BA005777B1 /* NWParameters+InitWithPasscode.swift */ = {isa = PBXFileReference; lastKnownFileType = sourcecode.swift; path = "NWParameters+InitWithPasscode.swift"; sourceTree = "<group>"; };
		1ACCBA3C29EDB2BA005777B1 /* PeerConnection.swift */ = {isa = PBXFileReference; lastKnownFileType = sourcecode.swift; path = PeerConnection.swift; sourceTree = "<group>"; };
		1ACCBA3D29EDB2BA005777B1 /* SyncProtocol.swift */ = {isa = PBXFileReference; lastKnownFileType = sourcecode.swift; path = SyncProtocol.swift; sourceTree = "<group>"; };
		1ACCBA3E29EDB2BA005777B1 /* PeerListener.swift */ = {isa = PBXFileReference; lastKnownFileType = sourcecode.swift; path = PeerListener.swift; sourceTree = "<group>"; };
		1ACCBA3F29EDB2BA005777B1 /* PeerBrowser.swift */ = {isa = PBXFileReference; lastKnownFileType = sourcecode.swift; path = PeerBrowser.swift; sourceTree = "<group>"; };
		1ADF90CF2A36B09200AA5A41 /* CodableImage.swift */ = {isa = PBXFileReference; lastKnownFileType = sourcecode.swift; path = CodableImage.swift; sourceTree = "<group>"; };
		1ADF90D12A36B1B400AA5A41 /* NSImage+pngData.swift */ = {isa = PBXFileReference; lastKnownFileType = sourcecode.swift; path = "NSImage+pngData.swift"; sourceTree = "<group>"; };
		1AF0BD7129CA62140039EB8B /* AMTravelNotes.app */ = {isa = PBXFileReference; explicitFileType = wrapper.application; includeInIndex = 0; path = AMTravelNotes.app; sourceTree = BUILT_PRODUCTS_DIR; };
		1AF0BD7429CA62140039EB8B /* AMTravelNotesApp.swift */ = {isa = PBXFileReference; lastKnownFileType = sourcecode.swift; path = AMTravelNotesApp.swift; sourceTree = "<group>"; };
		1AF0BD7629CA62140039EB8B /* AMTravelNotesDocument.swift */ = {isa = PBXFileReference; lastKnownFileType = sourcecode.swift; path = AMTravelNotesDocument.swift; sourceTree = "<group>"; };
		1AF0BD7829CA62140039EB8B /* ContentView.swift */ = {isa = PBXFileReference; lastKnownFileType = sourcecode.swift; path = ContentView.swift; sourceTree = "<group>"; };
		1AF0BD7A29CA62150039EB8B /* Assets.xcassets */ = {isa = PBXFileReference; lastKnownFileType = folder.assetcatalog; path = Assets.xcassets; sourceTree = "<group>"; };
		1AF0BD7C29CA62150039EB8B /* Info.plist */ = {isa = PBXFileReference; lastKnownFileType = text.plist.xml; path = Info.plist; sourceTree = "<group>"; };
		1AF0BD7D29CA62150039EB8B /* AMTravelNotes.entitlements */ = {isa = PBXFileReference; lastKnownFileType = text.plist.entitlements; path = AMTravelNotes.entitlements; sourceTree = "<group>"; };
		1AF0BD7F29CA62150039EB8B /* Preview Assets.xcassets */ = {isa = PBXFileReference; lastKnownFileType = folder.assetcatalog; path = "Preview Assets.xcassets"; sourceTree = "<group>"; };
		1AF0BD8F29CA62150039EB8B /* AMTravelNotesUITests.xctest */ = {isa = PBXFileReference; explicitFileType = wrapper.cfbundle; includeInIndex = 0; path = AMTravelNotesUITests.xctest; sourceTree = BUILT_PRODUCTS_DIR; };
		1AF0BD9329CA62150039EB8B /* AMTravelNotesUITests.swift */ = {isa = PBXFileReference; lastKnownFileType = sourcecode.swift; path = AMTravelNotesUITests.swift; sourceTree = "<group>"; };
		1AF0BD9529CA62150039EB8B /* AMTravelNotesUITestsLaunchTests.swift */ = {isa = PBXFileReference; lastKnownFileType = sourcecode.swift; path = AMTravelNotesUITestsLaunchTests.swift; sourceTree = "<group>"; };
/* End PBXFileReference section */

/* Begin PBXFrameworksBuildPhase section */
		1A96CA282A181E230092163C /* Frameworks */ = {
			isa = PBXFrameworksBuildPhase;
			buildActionMask = 2147483647;
			files = (
				1A0E00692A1825B60019F534 /* Automerge in Frameworks */,
				1A0E00672A1825B20019F534 /* AutomergeSwiftAdditions in Frameworks */,
			);
			runOnlyForDeploymentPostprocessing = 0;
		};
		1AF0BD6E29CA62140039EB8B /* Frameworks */ = {
			isa = PBXFrameworksBuildPhase;
			buildActionMask = 2147483647;
			files = (
				1ABECBA22A1448C600C966BB /* AutomergeSwiftAdditions in Frameworks */,
				1AF0BDA429CA62720039EB8B /* Automerge in Frameworks */,
			);
			runOnlyForDeploymentPostprocessing = 0;
		};
		1AF0BD8C29CA62150039EB8B /* Frameworks */ = {
			isa = PBXFrameworksBuildPhase;
			buildActionMask = 2147483647;
			files = (
			);
			runOnlyForDeploymentPostprocessing = 0;
		};
/* End PBXFrameworksBuildPhase section */

/* Begin PBXGroup section */
		1AB6F20029EE1EFD003529D0 /* Frameworks */ = {
			isa = PBXGroup;
			children = (
			);
			name = Frameworks;
			sourceTree = "<group>";
		};
		1ACCBA2C29EDACB4005777B1 /* Networking */ = {
			isa = PBXGroup;
			children = (
				1ACCBA3D29EDB2BA005777B1 /* SyncProtocol.swift */,
				1ACCBA3B29EDB2BA005777B1 /* NWParameters+InitWithPasscode.swift */,
				1ACCBA3F29EDB2BA005777B1 /* PeerBrowser.swift */,
				1ACCBA3C29EDB2BA005777B1 /* PeerConnection.swift */,
				1ACCBA3E29EDB2BA005777B1 /* PeerListener.swift */,
			);
			path = Networking;
			sourceTree = "<group>";
		};
		1AF0BD6829CA62140039EB8B = {
			isa = PBXGroup;
			children = (
				1A2C46402A1439C900A3BED6 /* AMTravelNotes.xctestplan */,
				1AF0BD7329CA62140039EB8B /* AMTravelNotes */,
				1AF0BD8829CA62150039EB8B /* AMTravelNotesTests */,
				1AF0BD9229CA62150039EB8B /* AMTravelNotesUITests */,
				1AF0BD7229CA62140039EB8B /* Products */,
				1AB6F20029EE1EFD003529D0 /* Frameworks */,
			);
			sourceTree = "<group>";
		};
		1AF0BD7229CA62140039EB8B /* Products */ = {
			isa = PBXGroup;
			children = (
				1AF0BD7129CA62140039EB8B /* AMTravelNotes.app */,
				1AF0BD8F29CA62150039EB8B /* AMTravelNotesUITests.xctest */,
				1A96CA2B2A181E230092163C /* AMTravelNotesTests.xctest */,
			);
			name = Products;
			sourceTree = "<group>";
		};
		1AF0BD7329CA62140039EB8B /* AMTravelNotes */ = {
			isa = PBXGroup;
			children = (
				1ACCBA2C29EDACB4005777B1 /* Networking */,
				1AF0BD7429CA62140039EB8B /* AMTravelNotesApp.swift */,
				1AF0BD7629CA62140039EB8B /* AMTravelNotesDocument.swift */,
				1A74FCD12A38D29A003F210C /* ImagePicker.swift */,
				1A823EF429E8B8A20054DFA4 /* AMTravelNotesModel.swift */,
				1ADF90CF2A36B09200AA5A41 /* CodableImage.swift */,
				1ADF90D12A36B1B400AA5A41 /* NSImage+pngData.swift */,
				1AF0BD7829CA62140039EB8B /* ContentView.swift */,
				1AF0BD7A29CA62150039EB8B /* Assets.xcassets */,
				1AF0BD7C29CA62150039EB8B /* Info.plist */,
				1AF0BD7D29CA62150039EB8B /* AMTravelNotes.entitlements */,
				1AF0BD7E29CA62150039EB8B /* Preview Content */,
			);
			path = AMTravelNotes;
			sourceTree = "<group>";
		};
		1AF0BD7E29CA62150039EB8B /* Preview Content */ = {
			isa = PBXGroup;
			children = (
				1AF0BD7F29CA62150039EB8B /* Preview Assets.xcassets */,
			);
			path = "Preview Content";
			sourceTree = "<group>";
		};
		1AF0BD8829CA62150039EB8B /* AMTravelNotesTests */ = {
			isa = PBXGroup;
			children = (
				1A61B2882A379F3C00DF51B0 /* EncoderTests.swift */,
			);
			path = AMTravelNotesTests;
			sourceTree = "<group>";
		};
		1AF0BD9229CA62150039EB8B /* AMTravelNotesUITests */ = {
			isa = PBXGroup;
			children = (
				1AF0BD9329CA62150039EB8B /* AMTravelNotesUITests.swift */,
				1AF0BD9529CA62150039EB8B /* AMTravelNotesUITestsLaunchTests.swift */,
			);
			path = AMTravelNotesUITests;
			sourceTree = "<group>";
		};
/* End PBXGroup section */

/* Begin PBXNativeTarget section */
		1A96CA2A2A181E230092163C /* AMTravelNotesTests */ = {
			isa = PBXNativeTarget;
			buildConfigurationList = 1A96CA2F2A181E230092163C /* Build configuration list for PBXNativeTarget "AMTravelNotesTests" */;
			buildPhases = (
				1A96CA272A181E230092163C /* Sources */,
				1A96CA282A181E230092163C /* Frameworks */,
				1A96CA292A181E230092163C /* Resources */,
			);
			buildRules = (
			);
			dependencies = (
				1A0E00652A1825350019F534 /* PBXTargetDependency */,
			);
			name = AMTravelNotesTests;
			packageProductDependencies = (
				1A0E00662A1825B20019F534 /* AutomergeSwiftAdditions */,
				1A0E00682A1825B60019F534 /* Automerge */,
			);
			productName = AMTravelNotesTests;
			productReference = 1A96CA2B2A181E230092163C /* AMTravelNotesTests.xctest */;
			productType = "com.apple.product-type.bundle.unit-test";
		};
		1AF0BD7029CA62140039EB8B /* AMTravelNotes */ = {
			isa = PBXNativeTarget;
			buildConfigurationList = 1AF0BD9929CA62150039EB8B /* Build configuration list for PBXNativeTarget "AMTravelNotes" */;
			buildPhases = (
				1AF0BD6D29CA62140039EB8B /* Sources */,
				1AF0BD6E29CA62140039EB8B /* Frameworks */,
				1AF0BD6F29CA62140039EB8B /* Resources */,
			);
			buildRules = (
			);
			dependencies = (
			);
			name = AMTravelNotes;
			packageProductDependencies = (
				1AF0BDA329CA62720039EB8B /* Automerge */,
				1ABECBA12A1448C600C966BB /* AutomergeSwiftAdditions */,
			);
			productName = AMTravelNotes;
			productReference = 1AF0BD7129CA62140039EB8B /* AMTravelNotes.app */;
			productType = "com.apple.product-type.application";
		};
		1AF0BD8E29CA62150039EB8B /* AMTravelNotesUITests */ = {
			isa = PBXNativeTarget;
			buildConfigurationList = 1AF0BD9F29CA62150039EB8B /* Build configuration list for PBXNativeTarget "AMTravelNotesUITests" */;
			buildPhases = (
				1AF0BD8B29CA62150039EB8B /* Sources */,
				1AF0BD8C29CA62150039EB8B /* Frameworks */,
				1AF0BD8D29CA62150039EB8B /* Resources */,
			);
			buildRules = (
			);
			dependencies = (
				1AF0BD9129CA62150039EB8B /* PBXTargetDependency */,
			);
			name = AMTravelNotesUITests;
			productName = AMTravelNotesUITests;
			productReference = 1AF0BD8F29CA62150039EB8B /* AMTravelNotesUITests.xctest */;
			productType = "com.apple.product-type.bundle.ui-testing";
		};
/* End PBXNativeTarget section */

/* Begin PBXProject section */
		1AF0BD6929CA62140039EB8B /* Project object */ = {
			isa = PBXProject;
			attributes = {
				BuildIndependentTargetsInParallel = 1;
				LastSwiftUpdateCheck = 1430;
				LastUpgradeCheck = 1500;
				TargetAttributes = {
					1A96CA2A2A181E230092163C = {
						CreatedOnToolsVersion = 14.3;
						LastSwiftMigration = 1430;
					};
					1AF0BD7029CA62140039EB8B = {
						CreatedOnToolsVersion = 14.3;
					};
					1AF0BD8E29CA62150039EB8B = {
						CreatedOnToolsVersion = 14.3;
						TestTargetID = 1AF0BD7029CA62140039EB8B;
					};
				};
			};
			buildConfigurationList = 1AF0BD6C29CA62140039EB8B /* Build configuration list for PBXProject "AMTravelNotes" */;
			compatibilityVersion = "Xcode 14.0";
			developmentRegion = en;
			hasScannedForEncodings = 0;
			knownRegions = (
				en,
				Base,
			);
			mainGroup = 1AF0BD6829CA62140039EB8B;
			packageReferences = (
				1AF0BDA229CA62720039EB8B /* XCRemoteSwiftPackageReference "automerge-swifter" */,
				1ABECBA02A1448C600C966BB /* XCRemoteSwiftPackageReference "AutomergeSwiftAdditions" */,
			);
			productRefGroup = 1AF0BD7229CA62140039EB8B /* Products */;
			projectDirPath = "";
			projectRoot = "";
			targets = (
				1AF0BD7029CA62140039EB8B /* AMTravelNotes */,
				1AF0BD8E29CA62150039EB8B /* AMTravelNotesUITests */,
				1A96CA2A2A181E230092163C /* AMTravelNotesTests */,
			);
		};
/* End PBXProject section */

/* Begin PBXResourcesBuildPhase section */
		1A96CA292A181E230092163C /* Resources */ = {
			isa = PBXResourcesBuildPhase;
			buildActionMask = 2147483647;
			files = (
			);
			runOnlyForDeploymentPostprocessing = 0;
		};
		1AF0BD6F29CA62140039EB8B /* Resources */ = {
			isa = PBXResourcesBuildPhase;
			buildActionMask = 2147483647;
			files = (
				1AF0BD8029CA62150039EB8B /* Preview Assets.xcassets in Resources */,
				1AF0BD7B29CA62150039EB8B /* Assets.xcassets in Resources */,
			);
			runOnlyForDeploymentPostprocessing = 0;
		};
		1AF0BD8D29CA62150039EB8B /* Resources */ = {
			isa = PBXResourcesBuildPhase;
			buildActionMask = 2147483647;
			files = (
			);
			runOnlyForDeploymentPostprocessing = 0;
		};
/* End PBXResourcesBuildPhase section */

/* Begin PBXSourcesBuildPhase section */
		1A96CA272A181E230092163C /* Sources */ = {
			isa = PBXSourcesBuildPhase;
			buildActionMask = 2147483647;
			files = (
				1A61B2892A379F3C00DF51B0 /* EncoderTests.swift in Sources */,
				1A61B28A2A37A02400DF51B0 /* CodableImage.swift in Sources */,
				1A59B6E82A37B2FC003FF290 /* NSImage+pngData.swift in Sources */,
				1A0E006C2A1826330019F534 /* AMTravelNotesModel.swift in Sources */,
			);
			runOnlyForDeploymentPostprocessing = 0;
		};
		1AF0BD6D29CA62140039EB8B /* Sources */ = {
			isa = PBXSourcesBuildPhase;
			buildActionMask = 2147483647;
			files = (
				1A74FCD22A38D29A003F210C /* ImagePicker.swift in Sources */,
				1A823EF529E8B8A20054DFA4 /* AMTravelNotesModel.swift in Sources */,
				1ADF90D02A36B09200AA5A41 /* CodableImage.swift in Sources */,
				1ACCBA4229EDB2BA005777B1 /* PeerListener.swift in Sources */,
				1AF0BD7729CA62140039EB8B /* AMTravelNotesDocument.swift in Sources */,
				1AF0BD7529CA62140039EB8B /* AMTravelNotesApp.swift in Sources */,
				1ACCBA4129EDB2BA005777B1 /* PeerConnection.swift in Sources */,
				1ACCBA4329EDB2BA005777B1 /* PeerBrowser.swift in Sources */,
				1ACCBA4429EDB2BA005777B1 /* NWParameters+InitWithPasscode.swift in Sources */,
				1AF0BD7929CA62140039EB8B /* ContentView.swift in Sources */,
				1ADF90D22A36B1B400AA5A41 /* NSImage+pngData.swift in Sources */,
				1ACCBA4029EDB2BA005777B1 /* SyncProtocol.swift in Sources */,
			);
			runOnlyForDeploymentPostprocessing = 0;
		};
		1AF0BD8B29CA62150039EB8B /* Sources */ = {
			isa = PBXSourcesBuildPhase;
			buildActionMask = 2147483647;
			files = (
				1AF0BD9629CA62150039EB8B /* AMTravelNotesUITestsLaunchTests.swift in Sources */,
				1AF0BD9429CA62150039EB8B /* AMTravelNotesUITests.swift in Sources */,
			);
			runOnlyForDeploymentPostprocessing = 0;
		};
/* End PBXSourcesBuildPhase section */

/* Begin PBXTargetDependency section */
		1A0E00652A1825350019F534 /* PBXTargetDependency */ = {
			isa = PBXTargetDependency;
			target = 1AF0BD7029CA62140039EB8B /* AMTravelNotes */;
			targetProxy = 1A0E00642A1825350019F534 /* PBXContainerItemProxy */;
		};
		1AF0BD9129CA62150039EB8B /* PBXTargetDependency */ = {
			isa = PBXTargetDependency;
			target = 1AF0BD7029CA62140039EB8B /* AMTravelNotes */;
			targetProxy = 1AF0BD9029CA62150039EB8B /* PBXContainerItemProxy */;
		};
/* End PBXTargetDependency section */

/* Begin XCBuildConfiguration section */
		1A96CA302A181E230092163C /* Debug */ = {
			isa = XCBuildConfiguration;
			buildSettings = {
				CLANG_ENABLE_MODULES = YES;
				CODE_SIGN_STYLE = Automatic;
				CURRENT_PROJECT_VERSION = 1;
				DEAD_CODE_STRIPPING = YES;
				DEVELOPMENT_TEAM = BDV4VC27D3;
				GENERATE_INFOPLIST_FILE = YES;
				IPHONEOS_DEPLOYMENT_TARGET = 16.4;
				MACOSX_DEPLOYMENT_TARGET = 13.3;
				MARKETING_VERSION = 1.0;
				PRODUCT_BUNDLE_IDENTIFIER = com.rhonabwy.AMTravelNotesTests;
				PRODUCT_NAME = "$(TARGET_NAME)";
				SDKROOT = auto;
				SUPPORTED_PLATFORMS = "iphoneos iphonesimulator macosx";
				SWIFT_EMIT_LOC_STRINGS = NO;
				SWIFT_OPTIMIZATION_LEVEL = "-Onone";
				SWIFT_VERSION = 5.0;
				TARGETED_DEVICE_FAMILY = "1,2";
			};
			name = Debug;
		};
		1A96CA312A181E230092163C /* Release */ = {
			isa = XCBuildConfiguration;
			buildSettings = {
				CLANG_ENABLE_MODULES = YES;
				CODE_SIGN_STYLE = Automatic;
				CURRENT_PROJECT_VERSION = 1;
				DEAD_CODE_STRIPPING = YES;
				DEVELOPMENT_TEAM = BDV4VC27D3;
				GENERATE_INFOPLIST_FILE = YES;
				IPHONEOS_DEPLOYMENT_TARGET = 16.4;
				MACOSX_DEPLOYMENT_TARGET = 13.3;
				MARKETING_VERSION = 1.0;
				PRODUCT_BUNDLE_IDENTIFIER = com.rhonabwy.AMTravelNotesTests;
				PRODUCT_NAME = "$(TARGET_NAME)";
				SDKROOT = auto;
				SUPPORTED_PLATFORMS = "iphoneos iphonesimulator macosx";
				SWIFT_EMIT_LOC_STRINGS = NO;
				SWIFT_VERSION = 5.0;
				TARGETED_DEVICE_FAMILY = "1,2";
			};
			name = Release;
		};
		1AF0BD9729CA62150039EB8B /* Debug */ = {
			isa = XCBuildConfiguration;
			buildSettings = {
				ALWAYS_SEARCH_USER_PATHS = NO;
				CLANG_ANALYZER_NONNULL = YES;
				CLANG_ANALYZER_NUMBER_OBJECT_CONVERSION = YES_AGGRESSIVE;
				CLANG_CXX_LANGUAGE_STANDARD = "gnu++20";
				CLANG_ENABLE_MODULES = YES;
				CLANG_ENABLE_OBJC_ARC = YES;
				CLANG_ENABLE_OBJC_WEAK = YES;
				CLANG_WARN_BLOCK_CAPTURE_AUTORELEASING = YES;
				CLANG_WARN_BOOL_CONVERSION = YES;
				CLANG_WARN_COMMA = YES;
				CLANG_WARN_CONSTANT_CONVERSION = YES;
				CLANG_WARN_DEPRECATED_OBJC_IMPLEMENTATIONS = YES;
				CLANG_WARN_DIRECT_OBJC_ISA_USAGE = YES_ERROR;
				CLANG_WARN_DOCUMENTATION_COMMENTS = YES;
				CLANG_WARN_EMPTY_BODY = YES;
				CLANG_WARN_ENUM_CONVERSION = YES;
				CLANG_WARN_INFINITE_RECURSION = YES;
				CLANG_WARN_INT_CONVERSION = YES;
				CLANG_WARN_NON_LITERAL_NULL_CONVERSION = YES;
				CLANG_WARN_OBJC_IMPLICIT_RETAIN_SELF = YES;
				CLANG_WARN_OBJC_LITERAL_CONVERSION = YES;
				CLANG_WARN_OBJC_ROOT_CLASS = YES_ERROR;
				CLANG_WARN_QUOTED_INCLUDE_IN_FRAMEWORK_HEADER = YES;
				CLANG_WARN_RANGE_LOOP_ANALYSIS = YES;
				CLANG_WARN_STRICT_PROTOTYPES = YES;
				CLANG_WARN_SUSPICIOUS_MOVE = YES;
				CLANG_WARN_UNGUARDED_AVAILABILITY = YES_AGGRESSIVE;
				CLANG_WARN_UNREACHABLE_CODE = YES;
				CLANG_WARN__DUPLICATE_METHOD_MATCH = YES;
				COPY_PHASE_STRIP = NO;
				DEAD_CODE_STRIPPING = YES;
				DEBUG_INFORMATION_FORMAT = dwarf;
				ENABLE_STRICT_OBJC_MSGSEND = YES;
				ENABLE_TESTABILITY = YES;
				ENABLE_USER_SCRIPT_SANDBOXING = YES;
				GCC_C_LANGUAGE_STANDARD = gnu11;
				GCC_DYNAMIC_NO_PIC = NO;
				GCC_NO_COMMON_BLOCKS = YES;
				GCC_OPTIMIZATION_LEVEL = 0;
				GCC_PREPROCESSOR_DEFINITIONS = (
					"DEBUG=1",
					"$(inherited)",
				);
				GCC_WARN_64_TO_32_BIT_CONVERSION = YES;
				GCC_WARN_ABOUT_RETURN_TYPE = YES_ERROR;
				GCC_WARN_UNDECLARED_SELECTOR = YES;
				GCC_WARN_UNINITIALIZED_AUTOS = YES_AGGRESSIVE;
				GCC_WARN_UNUSED_FUNCTION = YES;
				GCC_WARN_UNUSED_VARIABLE = YES;
				MTL_ENABLE_DEBUG_INFO = INCLUDE_SOURCE;
				MTL_FAST_MATH = YES;
				ONLY_ACTIVE_ARCH = YES;
				SWIFT_ACTIVE_COMPILATION_CONDITIONS = DEBUG;
				SWIFT_OPTIMIZATION_LEVEL = "-Onone";
			};
			name = Debug;
		};
		1AF0BD9829CA62150039EB8B /* Release */ = {
			isa = XCBuildConfiguration;
			buildSettings = {
				ALWAYS_SEARCH_USER_PATHS = NO;
				CLANG_ANALYZER_NONNULL = YES;
				CLANG_ANALYZER_NUMBER_OBJECT_CONVERSION = YES_AGGRESSIVE;
				CLANG_CXX_LANGUAGE_STANDARD = "gnu++20";
				CLANG_ENABLE_MODULES = YES;
				CLANG_ENABLE_OBJC_ARC = YES;
				CLANG_ENABLE_OBJC_WEAK = YES;
				CLANG_WARN_BLOCK_CAPTURE_AUTORELEASING = YES;
				CLANG_WARN_BOOL_CONVERSION = YES;
				CLANG_WARN_COMMA = YES;
				CLANG_WARN_CONSTANT_CONVERSION = YES;
				CLANG_WARN_DEPRECATED_OBJC_IMPLEMENTATIONS = YES;
				CLANG_WARN_DIRECT_OBJC_ISA_USAGE = YES_ERROR;
				CLANG_WARN_DOCUMENTATION_COMMENTS = YES;
				CLANG_WARN_EMPTY_BODY = YES;
				CLANG_WARN_ENUM_CONVERSION = YES;
				CLANG_WARN_INFINITE_RECURSION = YES;
				CLANG_WARN_INT_CONVERSION = YES;
				CLANG_WARN_NON_LITERAL_NULL_CONVERSION = YES;
				CLANG_WARN_OBJC_IMPLICIT_RETAIN_SELF = YES;
				CLANG_WARN_OBJC_LITERAL_CONVERSION = YES;
				CLANG_WARN_OBJC_ROOT_CLASS = YES_ERROR;
				CLANG_WARN_QUOTED_INCLUDE_IN_FRAMEWORK_HEADER = YES;
				CLANG_WARN_RANGE_LOOP_ANALYSIS = YES;
				CLANG_WARN_STRICT_PROTOTYPES = YES;
				CLANG_WARN_SUSPICIOUS_MOVE = YES;
				CLANG_WARN_UNGUARDED_AVAILABILITY = YES_AGGRESSIVE;
				CLANG_WARN_UNREACHABLE_CODE = YES;
				CLANG_WARN__DUPLICATE_METHOD_MATCH = YES;
				COPY_PHASE_STRIP = NO;
				DEAD_CODE_STRIPPING = YES;
				DEBUG_INFORMATION_FORMAT = "dwarf-with-dsym";
				ENABLE_NS_ASSERTIONS = NO;
				ENABLE_STRICT_OBJC_MSGSEND = YES;
				ENABLE_USER_SCRIPT_SANDBOXING = YES;
				GCC_C_LANGUAGE_STANDARD = gnu11;
				GCC_NO_COMMON_BLOCKS = YES;
				GCC_WARN_64_TO_32_BIT_CONVERSION = YES;
				GCC_WARN_ABOUT_RETURN_TYPE = YES_ERROR;
				GCC_WARN_UNDECLARED_SELECTOR = YES;
				GCC_WARN_UNINITIALIZED_AUTOS = YES_AGGRESSIVE;
				GCC_WARN_UNUSED_FUNCTION = YES;
				GCC_WARN_UNUSED_VARIABLE = YES;
				MTL_ENABLE_DEBUG_INFO = NO;
				MTL_FAST_MATH = YES;
				SWIFT_COMPILATION_MODE = wholemodule;
				SWIFT_OPTIMIZATION_LEVEL = "-O";
			};
			name = Release;
		};
		1AF0BD9A29CA62150039EB8B /* Debug */ = {
			isa = XCBuildConfiguration;
			buildSettings = {
				ASSETCATALOG_COMPILER_APPICON_NAME = AppIcon;
				ASSETCATALOG_COMPILER_GLOBAL_ACCENT_COLOR_NAME = AccentColor;
				CODE_SIGN_ENTITLEMENTS = AMTravelNotes/AMTravelNotes.entitlements;
				CODE_SIGN_STYLE = Automatic;
				CURRENT_PROJECT_VERSION = 1;
				DEAD_CODE_STRIPPING = YES;
				DEVELOPMENT_ASSET_PATHS = "\"AMTravelNotes/Preview Content\"";
				DEVELOPMENT_TEAM = BDV4VC27D3;
				ENABLE_HARDENED_RUNTIME = YES;
				ENABLE_PREVIEWS = YES;
				GENERATE_INFOPLIST_FILE = YES;
				INFOPLIST_FILE = AMTravelNotes/Info.plist;
				"INFOPLIST_KEY_UIApplicationSceneManifest_Generation[sdk=iphoneos*]" = YES;
				"INFOPLIST_KEY_UIApplicationSceneManifest_Generation[sdk=iphonesimulator*]" = YES;
				"INFOPLIST_KEY_UIApplicationSupportsIndirectInputEvents[sdk=iphoneos*]" = YES;
				"INFOPLIST_KEY_UIApplicationSupportsIndirectInputEvents[sdk=iphonesimulator*]" = YES;
				"INFOPLIST_KEY_UILaunchScreen_Generation[sdk=iphoneos*]" = YES;
				"INFOPLIST_KEY_UILaunchScreen_Generation[sdk=iphonesimulator*]" = YES;
				"INFOPLIST_KEY_UIStatusBarStyle[sdk=iphoneos*]" = UIStatusBarStyleDefault;
				"INFOPLIST_KEY_UIStatusBarStyle[sdk=iphonesimulator*]" = UIStatusBarStyleDefault;
				INFOPLIST_KEY_UISupportedInterfaceOrientations_iPad = "UIInterfaceOrientationPortrait UIInterfaceOrientationPortraitUpsideDown UIInterfaceOrientationLandscapeLeft UIInterfaceOrientationLandscapeRight";
				INFOPLIST_KEY_UISupportedInterfaceOrientations_iPhone = "UIInterfaceOrientationPortrait UIInterfaceOrientationLandscapeLeft UIInterfaceOrientationLandscapeRight";
				"INFOPLIST_KEY_UISupportsDocumentBrowser[sdk=iphoneos*]" = YES;
				"INFOPLIST_KEY_UISupportsDocumentBrowser[sdk=iphonesimulator*]" = YES;
				IPHONEOS_DEPLOYMENT_TARGET = 16.4;
				LD_RUNPATH_SEARCH_PATHS = "@executable_path/Frameworks";
				"LD_RUNPATH_SEARCH_PATHS[sdk=macosx*]" = "@executable_path/../Frameworks";
				MACOSX_DEPLOYMENT_TARGET = 13.2;
				MARKETING_VERSION = 1.0;
				PRODUCT_BUNDLE_IDENTIFIER = com.rhonabwy.AMTravelNotes;
				PRODUCT_NAME = "$(TARGET_NAME)";
				SDKROOT = auto;
				SUPPORTED_PLATFORMS = "iphoneos iphonesimulator macosx";
				SWIFT_EMIT_LOC_STRINGS = YES;
				SWIFT_VERSION = 5.0;
				TARGETED_DEVICE_FAMILY = "1,2";
			};
			name = Debug;
		};
		1AF0BD9B29CA62150039EB8B /* Release */ = {
			isa = XCBuildConfiguration;
			buildSettings = {
				ASSETCATALOG_COMPILER_APPICON_NAME = AppIcon;
				ASSETCATALOG_COMPILER_GLOBAL_ACCENT_COLOR_NAME = AccentColor;
				CODE_SIGN_ENTITLEMENTS = AMTravelNotes/AMTravelNotes.entitlements;
				CODE_SIGN_STYLE = Automatic;
				CURRENT_PROJECT_VERSION = 1;
				DEAD_CODE_STRIPPING = YES;
				DEVELOPMENT_ASSET_PATHS = "\"AMTravelNotes/Preview Content\"";
				DEVELOPMENT_TEAM = BDV4VC27D3;
				ENABLE_HARDENED_RUNTIME = YES;
				ENABLE_PREVIEWS = YES;
				GENERATE_INFOPLIST_FILE = YES;
				INFOPLIST_FILE = AMTravelNotes/Info.plist;
				"INFOPLIST_KEY_UIApplicationSceneManifest_Generation[sdk=iphoneos*]" = YES;
				"INFOPLIST_KEY_UIApplicationSceneManifest_Generation[sdk=iphonesimulator*]" = YES;
				"INFOPLIST_KEY_UIApplicationSupportsIndirectInputEvents[sdk=iphoneos*]" = YES;
				"INFOPLIST_KEY_UIApplicationSupportsIndirectInputEvents[sdk=iphonesimulator*]" = YES;
				"INFOPLIST_KEY_UILaunchScreen_Generation[sdk=iphoneos*]" = YES;
				"INFOPLIST_KEY_UILaunchScreen_Generation[sdk=iphonesimulator*]" = YES;
				"INFOPLIST_KEY_UIStatusBarStyle[sdk=iphoneos*]" = UIStatusBarStyleDefault;
				"INFOPLIST_KEY_UIStatusBarStyle[sdk=iphonesimulator*]" = UIStatusBarStyleDefault;
				INFOPLIST_KEY_UISupportedInterfaceOrientations_iPad = "UIInterfaceOrientationPortrait UIInterfaceOrientationPortraitUpsideDown UIInterfaceOrientationLandscapeLeft UIInterfaceOrientationLandscapeRight";
				INFOPLIST_KEY_UISupportedInterfaceOrientations_iPhone = "UIInterfaceOrientationPortrait UIInterfaceOrientationLandscapeLeft UIInterfaceOrientationLandscapeRight";
				"INFOPLIST_KEY_UISupportsDocumentBrowser[sdk=iphoneos*]" = YES;
				"INFOPLIST_KEY_UISupportsDocumentBrowser[sdk=iphonesimulator*]" = YES;
				IPHONEOS_DEPLOYMENT_TARGET = 16.4;
				LD_RUNPATH_SEARCH_PATHS = "@executable_path/Frameworks";
				"LD_RUNPATH_SEARCH_PATHS[sdk=macosx*]" = "@executable_path/../Frameworks";
				MACOSX_DEPLOYMENT_TARGET = 13.2;
				MARKETING_VERSION = 1.0;
				PRODUCT_BUNDLE_IDENTIFIER = com.rhonabwy.AMTravelNotes;
				PRODUCT_NAME = "$(TARGET_NAME)";
				SDKROOT = auto;
				SUPPORTED_PLATFORMS = "iphoneos iphonesimulator macosx";
				SWIFT_EMIT_LOC_STRINGS = YES;
				SWIFT_VERSION = 5.0;
				TARGETED_DEVICE_FAMILY = "1,2";
			};
			name = Release;
		};
		1AF0BDA029CA62150039EB8B /* Debug */ = {
			isa = XCBuildConfiguration;
			buildSettings = {
				ALWAYS_EMBED_SWIFT_STANDARD_LIBRARIES = YES;
				CODE_SIGN_STYLE = Automatic;
				CURRENT_PROJECT_VERSION = 1;
				DEAD_CODE_STRIPPING = YES;
				DEVELOPMENT_TEAM = BDV4VC27D3;
				GENERATE_INFOPLIST_FILE = YES;
				IPHONEOS_DEPLOYMENT_TARGET = 16.4;
				MACOSX_DEPLOYMENT_TARGET = 13.2;
				MARKETING_VERSION = 1.0;
				PRODUCT_BUNDLE_IDENTIFIER = com.rhonabwy.AMTravelNotesUITests;
				PRODUCT_NAME = "$(TARGET_NAME)";
				SDKROOT = auto;
				SUPPORTED_PLATFORMS = "iphoneos iphonesimulator macosx";
				SWIFT_EMIT_LOC_STRINGS = NO;
				SWIFT_VERSION = 5.0;
				TARGETED_DEVICE_FAMILY = "1,2";
				TEST_TARGET_NAME = AMTravelNotes;
			};
			name = Debug;
		};
		1AF0BDA129CA62150039EB8B /* Release */ = {
			isa = XCBuildConfiguration;
			buildSettings = {
				ALWAYS_EMBED_SWIFT_STANDARD_LIBRARIES = YES;
				CODE_SIGN_STYLE = Automatic;
				CURRENT_PROJECT_VERSION = 1;
				DEAD_CODE_STRIPPING = YES;
				DEVELOPMENT_TEAM = BDV4VC27D3;
				GENERATE_INFOPLIST_FILE = YES;
				IPHONEOS_DEPLOYMENT_TARGET = 16.4;
				MACOSX_DEPLOYMENT_TARGET = 13.2;
				MARKETING_VERSION = 1.0;
				PRODUCT_BUNDLE_IDENTIFIER = com.rhonabwy.AMTravelNotesUITests;
				PRODUCT_NAME = "$(TARGET_NAME)";
				SDKROOT = auto;
				SUPPORTED_PLATFORMS = "iphoneos iphonesimulator macosx";
				SWIFT_EMIT_LOC_STRINGS = NO;
				SWIFT_VERSION = 5.0;
				TARGETED_DEVICE_FAMILY = "1,2";
				TEST_TARGET_NAME = AMTravelNotes;
			};
			name = Release;
		};
/* End XCBuildConfiguration section */

/* Begin XCConfigurationList section */
		1A96CA2F2A181E230092163C /* Build configuration list for PBXNativeTarget "AMTravelNotesTests" */ = {
			isa = XCConfigurationList;
			buildConfigurations = (
				1A96CA302A181E230092163C /* Debug */,
				1A96CA312A181E230092163C /* Release */,
			);
			defaultConfigurationIsVisible = 0;
			defaultConfigurationName = Release;
		};
		1AF0BD6C29CA62140039EB8B /* Build configuration list for PBXProject "AMTravelNotes" */ = {
			isa = XCConfigurationList;
			buildConfigurations = (
				1AF0BD9729CA62150039EB8B /* Debug */,
				1AF0BD9829CA62150039EB8B /* Release */,
			);
			defaultConfigurationIsVisible = 0;
			defaultConfigurationName = Release;
		};
		1AF0BD9929CA62150039EB8B /* Build configuration list for PBXNativeTarget "AMTravelNotes" */ = {
			isa = XCConfigurationList;
			buildConfigurations = (
				1AF0BD9A29CA62150039EB8B /* Debug */,
				1AF0BD9B29CA62150039EB8B /* Release */,
			);
			defaultConfigurationIsVisible = 0;
			defaultConfigurationName = Release;
		};
		1AF0BD9F29CA62150039EB8B /* Build configuration list for PBXNativeTarget "AMTravelNotesUITests" */ = {
			isa = XCConfigurationList;
			buildConfigurations = (
				1AF0BDA029CA62150039EB8B /* Debug */,
				1AF0BDA129CA62150039EB8B /* Release */,
			);
			defaultConfigurationIsVisible = 0;
			defaultConfigurationName = Release;
		};
/* End XCConfigurationList section */

/* Begin XCRemoteSwiftPackageReference section */
		1ABECBA02A1448C600C966BB /* XCRemoteSwiftPackageReference "AutomergeSwiftAdditions" */ = {
			isa = XCRemoteSwiftPackageReference;
			repositoryURL = "https://github.com/heckj/AutomergeSwiftAdditions";
			requirement = {
				branch = main;
				kind = branch;
			};
		};
		1AF0BDA229CA62720039EB8B /* XCRemoteSwiftPackageReference "automerge-swifter" */ = {
			isa = XCRemoteSwiftPackageReference;
			repositoryURL = "https://github.com/automerge/automerge-swifter";
			requirement = {
				kind = upToNextMajorVersion;
				minimumVersion = 0.0.1;
			};
		};
/* End XCRemoteSwiftPackageReference section */

/* Begin XCSwiftPackageProductDependency section */
		1A0E00662A1825B20019F534 /* AutomergeSwiftAdditions */ = {
			isa = XCSwiftPackageProductDependency;
			package = 1ABECBA02A1448C600C966BB /* XCRemoteSwiftPackageReference "AutomergeSwiftAdditions" */;
			productName = AutomergeSwiftAdditions;
		};
		1A0E00682A1825B60019F534 /* Automerge */ = {
			isa = XCSwiftPackageProductDependency;
			package = 1AF0BDA229CA62720039EB8B /* XCRemoteSwiftPackageReference "automerge-swifter" */;
			productName = Automerge;
		};
		1ABECBA12A1448C600C966BB /* AutomergeSwiftAdditions */ = {
			isa = XCSwiftPackageProductDependency;
			package = 1ABECBA02A1448C600C966BB /* XCRemoteSwiftPackageReference "AutomergeSwiftAdditions" */;
			productName = AutomergeSwiftAdditions;
		};
		1AF0BDA329CA62720039EB8B /* Automerge */ = {
			isa = XCSwiftPackageProductDependency;
			package = 1AF0BDA229CA62720039EB8B /* XCRemoteSwiftPackageReference "automerge-swifter" */;
			productName = Automerge;
		};
/* End XCSwiftPackageProductDependency section */
	};
	rootObject = 1AF0BD6929CA62140039EB8B /* Project object */;
}
