// !$*UTF8*$!
{
	archiveVersion = 1;
	classes = {
	};
	objectVersion = 56;
	objects = {

/* Begin PBXBuildFile section */
		1A1257E329D3A36C00A197F7 /* AutomergeRepresentable.swift in Sources */ = {isa = PBXBuildFile; fileRef = 1A1257E229D3A36C00A197F7 /* AutomergeRepresentable.swift */; };
		1A274A2F29CA7D0A00EE016B /* QueueProtectedAutomergeDocument.swift in Sources */ = {isa = PBXBuildFile; fileRef = 1A274A2E29CA7D0A00EE016B /* QueueProtectedAutomergeDocument.swift */; };
		1A3D1E2D29DF76BF00EA1C4F /* AutomergeProtocols.swift in Sources */ = {isa = PBXBuildFile; fileRef = 1A3D1E2C29DF76BF00EA1C4F /* AutomergeProtocols.swift */; };
		1A3D1E2F29DF77BB00EA1C4F /* DynamicAutomergeTypes.swift in Sources */ = {isa = PBXBuildFile; fileRef = 1A3D1E2E29DF77BB00EA1C4F /* DynamicAutomergeTypes.swift */; };
		1A84640029CCDA620050B817 /* AutomergeExplorationTests.swift in Sources */ = {isa = PBXBuildFile; fileRef = 1A8463FF29CCDA620050B817 /* AutomergeExplorationTests.swift */; };
		1AC4EBAE29CA6F6F00814B1E /* AMProp.swift in Sources */ = {isa = PBXBuildFile; fileRef = 1AC4EBAD29CA6F6F00814B1E /* AMProp.swift */; };
		1AC4EBB029CA6F8E00814B1E /* ToDoCode.swift in Sources */ = {isa = PBXBuildFile; fileRef = 1AC4EBAF29CA6F8E00814B1E /* ToDoCode.swift */; };
		1AC4EBB229CA704E00814B1E /* ActorProtectedAutomergeDocument.swift in Sources */ = {isa = PBXBuildFile; fileRef = 1AC4EBB129CA704E00814B1E /* ActorProtectedAutomergeDocument.swift */; };
		1AEFDE9629CE0FF5004657E0 /* Document+Path.swift in Sources */ = {isa = PBXBuildFile; fileRef = 1AEFDE9529CE0FF5004657E0 /* Document+Path.swift */; };
		1AF0BD7529CA62140039EB8B /* AMTravelNotesApp.swift in Sources */ = {isa = PBXBuildFile; fileRef = 1AF0BD7429CA62140039EB8B /* AMTravelNotesApp.swift */; };
		1AF0BD7729CA62140039EB8B /* AMTravelNotesDocument.swift in Sources */ = {isa = PBXBuildFile; fileRef = 1AF0BD7629CA62140039EB8B /* AMTravelNotesDocument.swift */; };
		1AF0BD7929CA62140039EB8B /* ContentView.swift in Sources */ = {isa = PBXBuildFile; fileRef = 1AF0BD7829CA62140039EB8B /* ContentView.swift */; };
		1AF0BD7B29CA62150039EB8B /* Assets.xcassets in Resources */ = {isa = PBXBuildFile; fileRef = 1AF0BD7A29CA62150039EB8B /* Assets.xcassets */; };
		1AF0BD8029CA62150039EB8B /* Preview Assets.xcassets in Resources */ = {isa = PBXBuildFile; fileRef = 1AF0BD7F29CA62150039EB8B /* Preview Assets.xcassets */; };
		1AF0BD8A29CA62150039EB8B /* AMTravelNotesTests.swift in Sources */ = {isa = PBXBuildFile; fileRef = 1AF0BD8929CA62150039EB8B /* AMTravelNotesTests.swift */; };
		1AF0BD9429CA62150039EB8B /* AMTravelNotesUITests.swift in Sources */ = {isa = PBXBuildFile; fileRef = 1AF0BD9329CA62150039EB8B /* AMTravelNotesUITests.swift */; };
		1AF0BD9629CA62150039EB8B /* AMTravelNotesUITestsLaunchTests.swift in Sources */ = {isa = PBXBuildFile; fileRef = 1AF0BD9529CA62150039EB8B /* AMTravelNotesUITestsLaunchTests.swift */; };
		1AF0BDA429CA62720039EB8B /* Automerge in Frameworks */ = {isa = PBXBuildFile; productRef = 1AF0BDA329CA62720039EB8B /* Automerge */; };
/* End PBXBuildFile section */

/* Begin PBXContainerItemProxy section */
		1AF0BD8629CA62150039EB8B /* PBXContainerItemProxy */ = {
			isa = PBXContainerItemProxy;
			containerPortal = 1AF0BD6929CA62140039EB8B /* Project object */;
			proxyType = 1;
			remoteGlobalIDString = 1AF0BD7029CA62140039EB8B;
			remoteInfo = AMTravelNotes;
		};
		1AF0BD9029CA62150039EB8B /* PBXContainerItemProxy */ = {
			isa = PBXContainerItemProxy;
			containerPortal = 1AF0BD6929CA62140039EB8B /* Project object */;
			proxyType = 1;
			remoteGlobalIDString = 1AF0BD7029CA62140039EB8B;
			remoteInfo = AMTravelNotes;
		};
/* End PBXContainerItemProxy section */

/* Begin PBXFileReference section */
		1A1257E229D3A36C00A197F7 /* AutomergeRepresentable.swift */ = {isa = PBXFileReference; lastKnownFileType = sourcecode.swift; path = AutomergeRepresentable.swift; sourceTree = "<group>"; };
		1A274A2E29CA7D0A00EE016B /* QueueProtectedAutomergeDocument.swift */ = {isa = PBXFileReference; lastKnownFileType = sourcecode.swift; path = QueueProtectedAutomergeDocument.swift; sourceTree = "<group>"; };
		1A3D1E2C29DF76BF00EA1C4F /* AutomergeProtocols.swift */ = {isa = PBXFileReference; lastKnownFileType = sourcecode.swift; path = AutomergeProtocols.swift; sourceTree = "<group>"; };
		1A3D1E2E29DF77BB00EA1C4F /* DynamicAutomergeTypes.swift */ = {isa = PBXFileReference; lastKnownFileType = sourcecode.swift; path = DynamicAutomergeTypes.swift; sourceTree = "<group>"; };
		1A8463FF29CCDA620050B817 /* AutomergeExplorationTests.swift */ = {isa = PBXFileReference; lastKnownFileType = sourcecode.swift; path = AutomergeExplorationTests.swift; sourceTree = "<group>"; };
		1AC4EBAC29CA6EB400814B1E /* automerge-swifter */ = {isa = PBXFileReference; lastKnownFileType = wrapper; name = "automerge-swifter"; path = "../automerge-swifter"; sourceTree = "<group>"; };
		1AC4EBAD29CA6F6F00814B1E /* AMProp.swift */ = {isa = PBXFileReference; lastKnownFileType = sourcecode.swift; path = AMProp.swift; sourceTree = "<group>"; };
		1AC4EBAF29CA6F8E00814B1E /* ToDoCode.swift */ = {isa = PBXFileReference; lastKnownFileType = sourcecode.swift; path = ToDoCode.swift; sourceTree = "<group>"; };
		1AC4EBB129CA704E00814B1E /* ActorProtectedAutomergeDocument.swift */ = {isa = PBXFileReference; lastKnownFileType = sourcecode.swift; path = ActorProtectedAutomergeDocument.swift; sourceTree = "<group>"; };
		1AEFDE9529CE0FF5004657E0 /* Document+Path.swift */ = {isa = PBXFileReference; lastKnownFileType = sourcecode.swift; path = "Document+Path.swift"; sourceTree = "<group>"; };
		1AF0BD7129CA62140039EB8B /* AMTravelNotes.app */ = {isa = PBXFileReference; explicitFileType = wrapper.application; includeInIndex = 0; path = AMTravelNotes.app; sourceTree = BUILT_PRODUCTS_DIR; };
		1AF0BD7429CA62140039EB8B /* AMTravelNotesApp.swift */ = {isa = PBXFileReference; lastKnownFileType = sourcecode.swift; path = AMTravelNotesApp.swift; sourceTree = "<group>"; };
		1AF0BD7629CA62140039EB8B /* AMTravelNotesDocument.swift */ = {isa = PBXFileReference; lastKnownFileType = sourcecode.swift; path = AMTravelNotesDocument.swift; sourceTree = "<group>"; };
		1AF0BD7829CA62140039EB8B /* ContentView.swift */ = {isa = PBXFileReference; lastKnownFileType = sourcecode.swift; path = ContentView.swift; sourceTree = "<group>"; };
		1AF0BD7A29CA62150039EB8B /* Assets.xcassets */ = {isa = PBXFileReference; lastKnownFileType = folder.assetcatalog; path = Assets.xcassets; sourceTree = "<group>"; };
		1AF0BD7C29CA62150039EB8B /* Info.plist */ = {isa = PBXFileReference; lastKnownFileType = text.plist.xml; path = Info.plist; sourceTree = "<group>"; };
		1AF0BD7D29CA62150039EB8B /* AMTravelNotes.entitlements */ = {isa = PBXFileReference; lastKnownFileType = text.plist.entitlements; path = AMTravelNotes.entitlements; sourceTree = "<group>"; };
		1AF0BD7F29CA62150039EB8B /* Preview Assets.xcassets */ = {isa = PBXFileReference; lastKnownFileType = folder.assetcatalog; path = "Preview Assets.xcassets"; sourceTree = "<group>"; };
		1AF0BD8529CA62150039EB8B /* AMTravelNotesTests.xctest */ = {isa = PBXFileReference; explicitFileType = wrapper.cfbundle; includeInIndex = 0; path = AMTravelNotesTests.xctest; sourceTree = BUILT_PRODUCTS_DIR; };
		1AF0BD8929CA62150039EB8B /* AMTravelNotesTests.swift */ = {isa = PBXFileReference; lastKnownFileType = sourcecode.swift; path = AMTravelNotesTests.swift; sourceTree = "<group>"; };
		1AF0BD8F29CA62150039EB8B /* AMTravelNotesUITests.xctest */ = {isa = PBXFileReference; explicitFileType = wrapper.cfbundle; includeInIndex = 0; path = AMTravelNotesUITests.xctest; sourceTree = BUILT_PRODUCTS_DIR; };
		1AF0BD9329CA62150039EB8B /* AMTravelNotesUITests.swift */ = {isa = PBXFileReference; lastKnownFileType = sourcecode.swift; path = AMTravelNotesUITests.swift; sourceTree = "<group>"; };
		1AF0BD9529CA62150039EB8B /* AMTravelNotesUITestsLaunchTests.swift */ = {isa = PBXFileReference; lastKnownFileType = sourcecode.swift; path = AMTravelNotesUITestsLaunchTests.swift; sourceTree = "<group>"; };
/* End PBXFileReference section */

/* Begin PBXFrameworksBuildPhase section */
		1AF0BD6E29CA62140039EB8B /* Frameworks */ = {
			isa = PBXFrameworksBuildPhase;
			buildActionMask = 2147483647;
			files = (
				1AF0BDA429CA62720039EB8B /* Automerge in Frameworks */,
			);
			runOnlyForDeploymentPostprocessing = 0;
		};
		1AF0BD8229CA62150039EB8B /* Frameworks */ = {
			isa = PBXFrameworksBuildPhase;
			buildActionMask = 2147483647;
			files = (
			);
			runOnlyForDeploymentPostprocessing = 0;
		};
		1AF0BD8C29CA62150039EB8B /* Frameworks */ = {
			isa = PBXFrameworksBuildPhase;
			buildActionMask = 2147483647;
			files = (
			);
			runOnlyForDeploymentPostprocessing = 0;
		};
/* End PBXFrameworksBuildPhase section */

/* Begin PBXGroup section */
		1AF0BD6829CA62140039EB8B = {
			isa = PBXGroup;
			children = (
				1AC4EBAC29CA6EB400814B1E /* automerge-swifter */,
				1AF0BD7329CA62140039EB8B /* AMTravelNotes */,
				1AF0BD8829CA62150039EB8B /* AMTravelNotesTests */,
				1AF0BD9229CA62150039EB8B /* AMTravelNotesUITests */,
				1AF0BD7229CA62140039EB8B /* Products */,
			);
			sourceTree = "<group>";
		};
		1AF0BD7229CA62140039EB8B /* Products */ = {
			isa = PBXGroup;
			children = (
				1AF0BD7129CA62140039EB8B /* AMTravelNotes.app */,
				1AF0BD8529CA62150039EB8B /* AMTravelNotesTests.xctest */,
				1AF0BD8F29CA62150039EB8B /* AMTravelNotesUITests.xctest */,
			);
			name = Products;
			sourceTree = "<group>";
		};
		1AF0BD7329CA62140039EB8B /* AMTravelNotes */ = {
			isa = PBXGroup;
			children = (
				1AF0BD7429CA62140039EB8B /* AMTravelNotesApp.swift */,
				1AF0BD7629CA62140039EB8B /* AMTravelNotesDocument.swift */,
				1AC4EBB129CA704E00814B1E /* ActorProtectedAutomergeDocument.swift */,
				1A274A2E29CA7D0A00EE016B /* QueueProtectedAutomergeDocument.swift */,
				1A3D1E2C29DF76BF00EA1C4F /* AutomergeProtocols.swift */,
				1AC4EBAD29CA6F6F00814B1E /* AMProp.swift */,
				1A3D1E2E29DF77BB00EA1C4F /* DynamicAutomergeTypes.swift */,
				1A1257E229D3A36C00A197F7 /* AutomergeRepresentable.swift */,
				1AEFDE9529CE0FF5004657E0 /* Document+Path.swift */,
				1AC4EBAF29CA6F8E00814B1E /* ToDoCode.swift */,
				1AF0BD7829CA62140039EB8B /* ContentView.swift */,
				1AF0BD7A29CA62150039EB8B /* Assets.xcassets */,
				1AF0BD7C29CA62150039EB8B /* Info.plist */,
				1AF0BD7D29CA62150039EB8B /* AMTravelNotes.entitlements */,
				1AF0BD7E29CA62150039EB8B /* Preview Content */,
			);
			path = AMTravelNotes;
			sourceTree = "<group>";
		};
		1AF0BD7E29CA62150039EB8B /* Preview Content */ = {
			isa = PBXGroup;
			children = (
				1AF0BD7F29CA62150039EB8B /* Preview Assets.xcassets */,
			);
			path = "Preview Content";
			sourceTree = "<group>";
		};
		1AF0BD8829CA62150039EB8B /* AMTravelNotesTests */ = {
			isa = PBXGroup;
			children = (
				1AF0BD8929CA62150039EB8B /* AMTravelNotesTests.swift */,
				1A8463FF29CCDA620050B817 /* AutomergeExplorationTests.swift */,
			);
			path = AMTravelNotesTests;
			sourceTree = "<group>";
		};
		1AF0BD9229CA62150039EB8B /* AMTravelNotesUITests */ = {
			isa = PBXGroup;
			children = (
				1AF0BD9329CA62150039EB8B /* AMTravelNotesUITests.swift */,
				1AF0BD9529CA62150039EB8B /* AMTravelNotesUITestsLaunchTests.swift */,
			);
			path = AMTravelNotesUITests;
			sourceTree = "<group>";
		};
/* End PBXGroup section */

/* Begin PBXNativeTarget section */
		1AF0BD7029CA62140039EB8B /* AMTravelNotes */ = {
			isa = PBXNativeTarget;
			buildConfigurationList = 1AF0BD9929CA62150039EB8B /* Build configuration list for PBXNativeTarget "AMTravelNotes" */;
			buildPhases = (
				1AF0BD6D29CA62140039EB8B /* Sources */,
				1AF0BD6E29CA62140039EB8B /* Frameworks */,
				1AF0BD6F29CA62140039EB8B /* Resources */,
			);
			buildRules = (
			);
			dependencies = (
			);
			name = AMTravelNotes;
			packageProductDependencies = (
				1AF0BDA329CA62720039EB8B /* Automerge */,
			);
			productName = AMTravelNotes;
			productReference = 1AF0BD7129CA62140039EB8B /* AMTravelNotes.app */;
			productType = "com.apple.product-type.application";
		};
		1AF0BD8429CA62150039EB8B /* AMTravelNotesTests */ = {
			isa = PBXNativeTarget;
			buildConfigurationList = 1AF0BD9C29CA62150039EB8B /* Build configuration list for PBXNativeTarget "AMTravelNotesTests" */;
			buildPhases = (
				1AF0BD8129CA62150039EB8B /* Sources */,
				1AF0BD8229CA62150039EB8B /* Frameworks */,
				1AF0BD8329CA62150039EB8B /* Resources */,
			);
			buildRules = (
			);
			dependencies = (
				1AF0BD8729CA62150039EB8B /* PBXTargetDependency */,
			);
			name = AMTravelNotesTests;
			productName = AMTravelNotesTests;
			productReference = 1AF0BD8529CA62150039EB8B /* AMTravelNotesTests.xctest */;
			productType = "com.apple.product-type.bundle.unit-test";
		};
		1AF0BD8E29CA62150039EB8B /* AMTravelNotesUITests */ = {
			isa = PBXNativeTarget;
			buildConfigurationList = 1AF0BD9F29CA62150039EB8B /* Build configuration list for PBXNativeTarget "AMTravelNotesUITests" */;
			buildPhases = (
				1AF0BD8B29CA62150039EB8B /* Sources */,
				1AF0BD8C29CA62150039EB8B /* Frameworks */,
				1AF0BD8D29CA62150039EB8B /* Resources */,
			);
			buildRules = (
			);
			dependencies = (
				1AF0BD9129CA62150039EB8B /* PBXTargetDependency */,
			);
			name = AMTravelNotesUITests;
			productName = AMTravelNotesUITests;
			productReference = 1AF0BD8F29CA62150039EB8B /* AMTravelNotesUITests.xctest */;
			productType = "com.apple.product-type.bundle.ui-testing";
		};
/* End PBXNativeTarget section */

/* Begin PBXProject section */
		1AF0BD6929CA62140039EB8B /* Project object */ = {
			isa = PBXProject;
			attributes = {
				BuildIndependentTargetsInParallel = 1;
				LastSwiftUpdateCheck = 1430;
				LastUpgradeCheck = 1430;
				TargetAttributes = {
					1AF0BD7029CA62140039EB8B = {
						CreatedOnToolsVersion = 14.3;
					};
					1AF0BD8429CA62150039EB8B = {
						CreatedOnToolsVersion = 14.3;
						TestTargetID = 1AF0BD7029CA62140039EB8B;
					};
					1AF0BD8E29CA62150039EB8B = {
						CreatedOnToolsVersion = 14.3;
						TestTargetID = 1AF0BD7029CA62140039EB8B;
					};
				};
			};
			buildConfigurationList = 1AF0BD6C29CA62140039EB8B /* Build configuration list for PBXProject "AMTravelNotes" */;
			compatibilityVersion = "Xcode 14.0";
			developmentRegion = en;
			hasScannedForEncodings = 0;
			knownRegions = (
				en,
				Base,
			);
			mainGroup = 1AF0BD6829CA62140039EB8B;
			packageReferences = (
				1AF0BDA229CA62720039EB8B /* XCRemoteSwiftPackageReference "automerge-swifter" */,
			);
			productRefGroup = 1AF0BD7229CA62140039EB8B /* Products */;
			projectDirPath = "";
			projectRoot = "";
			targets = (
				1AF0BD7029CA62140039EB8B /* AMTravelNotes */,
				1AF0BD8429CA62150039EB8B /* AMTravelNotesTests */,
				1AF0BD8E29CA62150039EB8B /* AMTravelNotesUITests */,
			);
		};
/* End PBXProject section */

/* Begin PBXResourcesBuildPhase section */
		1AF0BD6F29CA62140039EB8B /* Resources */ = {
			isa = PBXResourcesBuildPhase;
			buildActionMask = 2147483647;
			files = (
				1AF0BD8029CA62150039EB8B /* Preview Assets.xcassets in Resources */,
				1AF0BD7B29CA62150039EB8B /* Assets.xcassets in Resources */,
			);
			runOnlyForDeploymentPostprocessing = 0;
		};
		1AF0BD8329CA62150039EB8B /* Resources */ = {
			isa = PBXResourcesBuildPhase;
			buildActionMask = 2147483647;
			files = (
			);
			runOnlyForDeploymentPostprocessing = 0;
		};
		1AF0BD8D29CA62150039EB8B /* Resources */ = {
			isa = PBXResourcesBuildPhase;
			buildActionMask = 2147483647;
			files = (
			);
			runOnlyForDeploymentPostprocessing = 0;
		};
/* End PBXResourcesBuildPhase section */

/* Begin PBXSourcesBuildPhase section */
		1AF0BD6D29CA62140039EB8B /* Sources */ = {
			isa = PBXSourcesBuildPhase;
			buildActionMask = 2147483647;
			files = (
				1AC4EBB229CA704E00814B1E /* ActorProtectedAutomergeDocument.swift in Sources */,
				1AF0BD7729CA62140039EB8B /* AMTravelNotesDocument.swift in Sources */,
				1A274A2F29CA7D0A00EE016B /* QueueProtectedAutomergeDocument.swift in Sources */,
				1A3D1E2D29DF76BF00EA1C4F /* AutomergeProtocols.swift in Sources */,
				1AF0BD7529CA62140039EB8B /* AMTravelNotesApp.swift in Sources */,
				1A1257E329D3A36C00A197F7 /* AutomergeRepresentable.swift in Sources */,
				1AC4EBB029CA6F8E00814B1E /* ToDoCode.swift in Sources */,
				1A3D1E2F29DF77BB00EA1C4F /* DynamicAutomergeTypes.swift in Sources */,
				1AEFDE9629CE0FF5004657E0 /* Document+Path.swift in Sources */,
				1AC4EBAE29CA6F6F00814B1E /* AMProp.swift in Sources */,
				1AF0BD7929CA62140039EB8B /* ContentView.swift in Sources */,
			);
			runOnlyForDeploymentPostprocessing = 0;
		};
		1AF0BD8129CA62150039EB8B /* Sources */ = {
			isa = PBXSourcesBuildPhase;
			buildActionMask = 2147483647;
			files = (
				1AF0BD8A29CA62150039EB8B /* AMTravelNotesTests.swift in Sources */,
				1A84640029CCDA620050B817 /* AutomergeExplorationTests.swift in Sources */,
			);
			runOnlyForDeploymentPostprocessing = 0;
		};
		1AF0BD8B29CA62150039EB8B /* Sources */ = {
			isa = PBXSourcesBuildPhase;
			buildActionMask = 2147483647;
			files = (
				1AF0BD9629CA62150039EB8B /* AMTravelNotesUITestsLaunchTests.swift in Sources */,
				1AF0BD9429CA62150039EB8B /* AMTravelNotesUITests.swift in Sources */,
			);
			runOnlyForDeploymentPostprocessing = 0;
		};
/* End PBXSourcesBuildPhase section */

/* Begin PBXTargetDependency section */
		1AF0BD8729CA62150039EB8B /* PBXTargetDependency */ = {
			isa = PBXTargetDependency;
			target = 1AF0BD7029CA62140039EB8B /* AMTravelNotes */;
			targetProxy = 1AF0BD8629CA62150039EB8B /* PBXContainerItemProxy */;
		};
		1AF0BD9129CA62150039EB8B /* PBXTargetDependency */ = {
			isa = PBXTargetDependency;
			target = 1AF0BD7029CA62140039EB8B /* AMTravelNotes */;
			targetProxy = 1AF0BD9029CA62150039EB8B /* PBXContainerItemProxy */;
		};
/* End PBXTargetDependency section */

/* Begin XCBuildConfiguration section */
		1AF0BD9729CA62150039EB8B /* Debug */ = {
			isa = XCBuildConfiguration;
			buildSettings = {
				ALWAYS_SEARCH_USER_PATHS = NO;
				CLANG_ANALYZER_NONNULL = YES;
				CLANG_ANALYZER_NUMBER_OBJECT_CONVERSION = YES_AGGRESSIVE;
				CLANG_CXX_LANGUAGE_STANDARD = "gnu++20";
				CLANG_ENABLE_MODULES = YES;
				CLANG_ENABLE_OBJC_ARC = YES;
				CLANG_ENABLE_OBJC_WEAK = YES;
				CLANG_WARN_BLOCK_CAPTURE_AUTORELEASING = YES;
				CLANG_WARN_BOOL_CONVERSION = YES;
				CLANG_WARN_COMMA = YES;
				CLANG_WARN_CONSTANT_CONVERSION = YES;
				CLANG_WARN_DEPRECATED_OBJC_IMPLEMENTATIONS = YES;
				CLANG_WARN_DIRECT_OBJC_ISA_USAGE = YES_ERROR;
				CLANG_WARN_DOCUMENTATION_COMMENTS = YES;
				CLANG_WARN_EMPTY_BODY = YES;
				CLANG_WARN_ENUM_CONVERSION = YES;
				CLANG_WARN_INFINITE_RECURSION = YES;
				CLANG_WARN_INT_CONVERSION = YES;
				CLANG_WARN_NON_LITERAL_NULL_CONVERSION = YES;
				CLANG_WARN_OBJC_IMPLICIT_RETAIN_SELF = YES;
				CLANG_WARN_OBJC_LITERAL_CONVERSION = YES;
				CLANG_WARN_OBJC_ROOT_CLASS = YES_ERROR;
				CLANG_WARN_QUOTED_INCLUDE_IN_FRAMEWORK_HEADER = YES;
				CLANG_WARN_RANGE_LOOP_ANALYSIS = YES;
				CLANG_WARN_STRICT_PROTOTYPES = YES;
				CLANG_WARN_SUSPICIOUS_MOVE = YES;
				CLANG_WARN_UNGUARDED_AVAILABILITY = YES_AGGRESSIVE;
				CLANG_WARN_UNREACHABLE_CODE = YES;
				CLANG_WARN__DUPLICATE_METHOD_MATCH = YES;
				COPY_PHASE_STRIP = NO;
				DEBUG_INFORMATION_FORMAT = dwarf;
				ENABLE_STRICT_OBJC_MSGSEND = YES;
				ENABLE_TESTABILITY = YES;
				GCC_C_LANGUAGE_STANDARD = gnu11;
				GCC_DYNAMIC_NO_PIC = NO;
				GCC_NO_COMMON_BLOCKS = YES;
				GCC_OPTIMIZATION_LEVEL = 0;
				GCC_PREPROCESSOR_DEFINITIONS = (
					"DEBUG=1",
					"$(inherited)",
				);
				GCC_WARN_64_TO_32_BIT_CONVERSION = YES;
				GCC_WARN_ABOUT_RETURN_TYPE = YES_ERROR;
				GCC_WARN_UNDECLARED_SELECTOR = YES;
				GCC_WARN_UNINITIALIZED_AUTOS = YES_AGGRESSIVE;
				GCC_WARN_UNUSED_FUNCTION = YES;
				GCC_WARN_UNUSED_VARIABLE = YES;
				MTL_ENABLE_DEBUG_INFO = INCLUDE_SOURCE;
				MTL_FAST_MATH = YES;
				ONLY_ACTIVE_ARCH = YES;
				SWIFT_ACTIVE_COMPILATION_CONDITIONS = DEBUG;
				SWIFT_OPTIMIZATION_LEVEL = "-Onone";
			};
			name = Debug;
		};
		1AF0BD9829CA62150039EB8B /* Release */ = {
			isa = XCBuildConfiguration;
			buildSettings = {
				ALWAYS_SEARCH_USER_PATHS = NO;
				CLANG_ANALYZER_NONNULL = YES;
				CLANG_ANALYZER_NUMBER_OBJECT_CONVERSION = YES_AGGRESSIVE;
				CLANG_CXX_LANGUAGE_STANDARD = "gnu++20";
				CLANG_ENABLE_MODULES = YES;
				CLANG_ENABLE_OBJC_ARC = YES;
				CLANG_ENABLE_OBJC_WEAK = YES;
				CLANG_WARN_BLOCK_CAPTURE_AUTORELEASING = YES;
				CLANG_WARN_BOOL_CONVERSION = YES;
				CLANG_WARN_COMMA = YES;
				CLANG_WARN_CONSTANT_CONVERSION = YES;
				CLANG_WARN_DEPRECATED_OBJC_IMPLEMENTATIONS = YES;
				CLANG_WARN_DIRECT_OBJC_ISA_USAGE = YES_ERROR;
				CLANG_WARN_DOCUMENTATION_COMMENTS = YES;
				CLANG_WARN_EMPTY_BODY = YES;
				CLANG_WARN_ENUM_CONVERSION = YES;
				CLANG_WARN_INFINITE_RECURSION = YES;
				CLANG_WARN_INT_CONVERSION = YES;
				CLANG_WARN_NON_LITERAL_NULL_CONVERSION = YES;
				CLANG_WARN_OBJC_IMPLICIT_RETAIN_SELF = YES;
				CLANG_WARN_OBJC_LITERAL_CONVERSION = YES;
				CLANG_WARN_OBJC_ROOT_CLASS = YES_ERROR;
				CLANG_WARN_QUOTED_INCLUDE_IN_FRAMEWORK_HEADER = YES;
				CLANG_WARN_RANGE_LOOP_ANALYSIS = YES;
				CLANG_WARN_STRICT_PROTOTYPES = YES;
				CLANG_WARN_SUSPICIOUS_MOVE = YES;
				CLANG_WARN_UNGUARDED_AVAILABILITY = YES_AGGRESSIVE;
				CLANG_WARN_UNREACHABLE_CODE = YES;
				CLANG_WARN__DUPLICATE_METHOD_MATCH = YES;
				COPY_PHASE_STRIP = NO;
				DEBUG_INFORMATION_FORMAT = "dwarf-with-dsym";
				ENABLE_NS_ASSERTIONS = NO;
				ENABLE_STRICT_OBJC_MSGSEND = YES;
				GCC_C_LANGUAGE_STANDARD = gnu11;
				GCC_NO_COMMON_BLOCKS = YES;
				GCC_WARN_64_TO_32_BIT_CONVERSION = YES;
				GCC_WARN_ABOUT_RETURN_TYPE = YES_ERROR;
				GCC_WARN_UNDECLARED_SELECTOR = YES;
				GCC_WARN_UNINITIALIZED_AUTOS = YES_AGGRESSIVE;
				GCC_WARN_UNUSED_FUNCTION = YES;
				GCC_WARN_UNUSED_VARIABLE = YES;
				MTL_ENABLE_DEBUG_INFO = NO;
				MTL_FAST_MATH = YES;
				SWIFT_COMPILATION_MODE = wholemodule;
				SWIFT_OPTIMIZATION_LEVEL = "-O";
			};
			name = Release;
		};
		1AF0BD9A29CA62150039EB8B /* Debug */ = {
			isa = XCBuildConfiguration;
			buildSettings = {
				ASSETCATALOG_COMPILER_APPICON_NAME = AppIcon;
				ASSETCATALOG_COMPILER_GLOBAL_ACCENT_COLOR_NAME = AccentColor;
				CODE_SIGN_ENTITLEMENTS = AMTravelNotes/AMTravelNotes.entitlements;
				CODE_SIGN_STYLE = Automatic;
				CURRENT_PROJECT_VERSION = 1;
				DEVELOPMENT_ASSET_PATHS = "\"AMTravelNotes/Preview Content\"";
				DEVELOPMENT_TEAM = BDV4VC27D3;
				ENABLE_HARDENED_RUNTIME = YES;
				ENABLE_PREVIEWS = YES;
				GENERATE_INFOPLIST_FILE = YES;
				INFOPLIST_FILE = AMTravelNotes/Info.plist;
				"INFOPLIST_KEY_UIApplicationSceneManifest_Generation[sdk=iphoneos*]" = YES;
				"INFOPLIST_KEY_UIApplicationSceneManifest_Generation[sdk=iphonesimulator*]" = YES;
				"INFOPLIST_KEY_UIApplicationSupportsIndirectInputEvents[sdk=iphoneos*]" = YES;
				"INFOPLIST_KEY_UIApplicationSupportsIndirectInputEvents[sdk=iphonesimulator*]" = YES;
				"INFOPLIST_KEY_UILaunchScreen_Generation[sdk=iphoneos*]" = YES;
				"INFOPLIST_KEY_UILaunchScreen_Generation[sdk=iphonesimulator*]" = YES;
				"INFOPLIST_KEY_UIStatusBarStyle[sdk=iphoneos*]" = UIStatusBarStyleDefault;
				"INFOPLIST_KEY_UIStatusBarStyle[sdk=iphonesimulator*]" = UIStatusBarStyleDefault;
				INFOPLIST_KEY_UISupportedInterfaceOrientations_iPad = "UIInterfaceOrientationPortrait UIInterfaceOrientationPortraitUpsideDown UIInterfaceOrientationLandscapeLeft UIInterfaceOrientationLandscapeRight";
				INFOPLIST_KEY_UISupportedInterfaceOrientations_iPhone = "UIInterfaceOrientationPortrait UIInterfaceOrientationLandscapeLeft UIInterfaceOrientationLandscapeRight";
				"INFOPLIST_KEY_UISupportsDocumentBrowser[sdk=iphoneos*]" = YES;
				"INFOPLIST_KEY_UISupportsDocumentBrowser[sdk=iphonesimulator*]" = YES;
				IPHONEOS_DEPLOYMENT_TARGET = 16.4;
				LD_RUNPATH_SEARCH_PATHS = "@executable_path/Frameworks";
				"LD_RUNPATH_SEARCH_PATHS[sdk=macosx*]" = "@executable_path/../Frameworks";
				MACOSX_DEPLOYMENT_TARGET = 13.2;
				MARKETING_VERSION = 1.0;
				PRODUCT_BUNDLE_IDENTIFIER = com.rhonabwy.AMTravelNotes;
				PRODUCT_NAME = "$(TARGET_NAME)";
				SDKROOT = auto;
				SUPPORTED_PLATFORMS = "iphoneos iphonesimulator macosx";
				SWIFT_EMIT_LOC_STRINGS = YES;
				SWIFT_VERSION = 5.0;
				TARGETED_DEVICE_FAMILY = "1,2";
			};
			name = Debug;
		};
		1AF0BD9B29CA62150039EB8B /* Release */ = {
			isa = XCBuildConfiguration;
			buildSettings = {
				ASSETCATALOG_COMPILER_APPICON_NAME = AppIcon;
				ASSETCATALOG_COMPILER_GLOBAL_ACCENT_COLOR_NAME = AccentColor;
				CODE_SIGN_ENTITLEMENTS = AMTravelNotes/AMTravelNotes.entitlements;
				CODE_SIGN_STYLE = Automatic;
				CURRENT_PROJECT_VERSION = 1;
				DEVELOPMENT_ASSET_PATHS = "\"AMTravelNotes/Preview Content\"";
				DEVELOPMENT_TEAM = BDV4VC27D3;
				ENABLE_HARDENED_RUNTIME = YES;
				ENABLE_PREVIEWS = YES;
				GENERATE_INFOPLIST_FILE = YES;
				INFOPLIST_FILE = AMTravelNotes/Info.plist;
				"INFOPLIST_KEY_UIApplicationSceneManifest_Generation[sdk=iphoneos*]" = YES;
				"INFOPLIST_KEY_UIApplicationSceneManifest_Generation[sdk=iphonesimulator*]" = YES;
				"INFOPLIST_KEY_UIApplicationSupportsIndirectInputEvents[sdk=iphoneos*]" = YES;
				"INFOPLIST_KEY_UIApplicationSupportsIndirectInputEvents[sdk=iphonesimulator*]" = YES;
				"INFOPLIST_KEY_UILaunchScreen_Generation[sdk=iphoneos*]" = YES;
				"INFOPLIST_KEY_UILaunchScreen_Generation[sdk=iphonesimulator*]" = YES;
				"INFOPLIST_KEY_UIStatusBarStyle[sdk=iphoneos*]" = UIStatusBarStyleDefault;
				"INFOPLIST_KEY_UIStatusBarStyle[sdk=iphonesimulator*]" = UIStatusBarStyleDefault;
				INFOPLIST_KEY_UISupportedInterfaceOrientations_iPad = "UIInterfaceOrientationPortrait UIInterfaceOrientationPortraitUpsideDown UIInterfaceOrientationLandscapeLeft UIInterfaceOrientationLandscapeRight";
				INFOPLIST_KEY_UISupportedInterfaceOrientations_iPhone = "UIInterfaceOrientationPortrait UIInterfaceOrientationLandscapeLeft UIInterfaceOrientationLandscapeRight";
				"INFOPLIST_KEY_UISupportsDocumentBrowser[sdk=iphoneos*]" = YES;
				"INFOPLIST_KEY_UISupportsDocumentBrowser[sdk=iphonesimulator*]" = YES;
				IPHONEOS_DEPLOYMENT_TARGET = 16.4;
				LD_RUNPATH_SEARCH_PATHS = "@executable_path/Frameworks";
				"LD_RUNPATH_SEARCH_PATHS[sdk=macosx*]" = "@executable_path/../Frameworks";
				MACOSX_DEPLOYMENT_TARGET = 13.2;
				MARKETING_VERSION = 1.0;
				PRODUCT_BUNDLE_IDENTIFIER = com.rhonabwy.AMTravelNotes;
				PRODUCT_NAME = "$(TARGET_NAME)";
				SDKROOT = auto;
				SUPPORTED_PLATFORMS = "iphoneos iphonesimulator macosx";
				SWIFT_EMIT_LOC_STRINGS = YES;
				SWIFT_VERSION = 5.0;
				TARGETED_DEVICE_FAMILY = "1,2";
			};
			name = Release;
		};
		1AF0BD9D29CA62150039EB8B /* Debug */ = {
			isa = XCBuildConfiguration;
			buildSettings = {
				ALWAYS_EMBED_SWIFT_STANDARD_LIBRARIES = YES;
				BUNDLE_LOADER = "$(TEST_HOST)";
				CODE_SIGN_STYLE = Automatic;
				CURRENT_PROJECT_VERSION = 1;
				DEVELOPMENT_TEAM = BDV4VC27D3;
				GENERATE_INFOPLIST_FILE = YES;
				IPHONEOS_DEPLOYMENT_TARGET = 16.4;
				MACOSX_DEPLOYMENT_TARGET = 13.2;
				MARKETING_VERSION = 1.0;
				PRODUCT_BUNDLE_IDENTIFIER = com.rhonabwy.AMTravelNotesTests;
				PRODUCT_NAME = "$(TARGET_NAME)";
				SDKROOT = auto;
				SUPPORTED_PLATFORMS = "iphoneos iphonesimulator macosx";
				SWIFT_EMIT_LOC_STRINGS = NO;
				SWIFT_VERSION = 5.0;
				TARGETED_DEVICE_FAMILY = "1,2";
				TEST_HOST = "$(BUILT_PRODUCTS_DIR)/AMTravelNotes.app/$(BUNDLE_EXECUTABLE_FOLDER_PATH)/AMTravelNotes";
			};
			name = Debug;
		};
		1AF0BD9E29CA62150039EB8B /* Release */ = {
			isa = XCBuildConfiguration;
			buildSettings = {
				ALWAYS_EMBED_SWIFT_STANDARD_LIBRARIES = YES;
				BUNDLE_LOADER = "$(TEST_HOST)";
				CODE_SIGN_STYLE = Automatic;
				CURRENT_PROJECT_VERSION = 1;
				DEVELOPMENT_TEAM = BDV4VC27D3;
				GENERATE_INFOPLIST_FILE = YES;
				IPHONEOS_DEPLOYMENT_TARGET = 16.4;
				MACOSX_DEPLOYMENT_TARGET = 13.2;
				MARKETING_VERSION = 1.0;
				PRODUCT_BUNDLE_IDENTIFIER = com.rhonabwy.AMTravelNotesTests;
				PRODUCT_NAME = "$(TARGET_NAME)";
				SDKROOT = auto;
				SUPPORTED_PLATFORMS = "iphoneos iphonesimulator macosx";
				SWIFT_EMIT_LOC_STRINGS = NO;
				SWIFT_VERSION = 5.0;
				TARGETED_DEVICE_FAMILY = "1,2";
				TEST_HOST = "$(BUILT_PRODUCTS_DIR)/AMTravelNotes.app/$(BUNDLE_EXECUTABLE_FOLDER_PATH)/AMTravelNotes";
			};
			name = Release;
		};
		1AF0BDA029CA62150039EB8B /* Debug */ = {
			isa = XCBuildConfiguration;
			buildSettings = {
				ALWAYS_EMBED_SWIFT_STANDARD_LIBRARIES = YES;
				CODE_SIGN_STYLE = Automatic;
				CURRENT_PROJECT_VERSION = 1;
				DEVELOPMENT_TEAM = BDV4VC27D3;
				GENERATE_INFOPLIST_FILE = YES;
				IPHONEOS_DEPLOYMENT_TARGET = 16.4;
				MACOSX_DEPLOYMENT_TARGET = 13.2;
				MARKETING_VERSION = 1.0;
				PRODUCT_BUNDLE_IDENTIFIER = com.rhonabwy.AMTravelNotesUITests;
				PRODUCT_NAME = "$(TARGET_NAME)";
				SDKROOT = auto;
				SUPPORTED_PLATFORMS = "iphoneos iphonesimulator macosx";
				SWIFT_EMIT_LOC_STRINGS = NO;
				SWIFT_VERSION = 5.0;
				TARGETED_DEVICE_FAMILY = "1,2";
				TEST_TARGET_NAME = AMTravelNotes;
			};
			name = Debug;
		};
		1AF0BDA129CA62150039EB8B /* Release */ = {
			isa = XCBuildConfiguration;
			buildSettings = {
				ALWAYS_EMBED_SWIFT_STANDARD_LIBRARIES = YES;
				CODE_SIGN_STYLE = Automatic;
				CURRENT_PROJECT_VERSION = 1;
				DEVELOPMENT_TEAM = BDV4VC27D3;
				GENERATE_INFOPLIST_FILE = YES;
				IPHONEOS_DEPLOYMENT_TARGET = 16.4;
				MACOSX_DEPLOYMENT_TARGET = 13.2;
				MARKETING_VERSION = 1.0;
				PRODUCT_BUNDLE_IDENTIFIER = com.rhonabwy.AMTravelNotesUITests;
				PRODUCT_NAME = "$(TARGET_NAME)";
				SDKROOT = auto;
				SUPPORTED_PLATFORMS = "iphoneos iphonesimulator macosx";
				SWIFT_EMIT_LOC_STRINGS = NO;
				SWIFT_VERSION = 5.0;
				TARGETED_DEVICE_FAMILY = "1,2";
				TEST_TARGET_NAME = AMTravelNotes;
			};
			name = Release;
		};
/* End XCBuildConfiguration section */

/* Begin XCConfigurationList section */
		1AF0BD6C29CA62140039EB8B /* Build configuration list for PBXProject "AMTravelNotes" */ = {
			isa = XCConfigurationList;
			buildConfigurations = (
				1AF0BD9729CA62150039EB8B /* Debug */,
				1AF0BD9829CA62150039EB8B /* Release */,
			);
			defaultConfigurationIsVisible = 0;
			defaultConfigurationName = Release;
		};
		1AF0BD9929CA62150039EB8B /* Build configuration list for PBXNativeTarget "AMTravelNotes" */ = {
			isa = XCConfigurationList;
			buildConfigurations = (
				1AF0BD9A29CA62150039EB8B /* Debug */,
				1AF0BD9B29CA62150039EB8B /* Release */,
			);
			defaultConfigurationIsVisible = 0;
			defaultConfigurationName = Release;
		};
		1AF0BD9C29CA62150039EB8B /* Build configuration list for PBXNativeTarget "AMTravelNotesTests" */ = {
			isa = XCConfigurationList;
			buildConfigurations = (
				1AF0BD9D29CA62150039EB8B /* Debug */,
				1AF0BD9E29CA62150039EB8B /* Release */,
			);
			defaultConfigurationIsVisible = 0;
			defaultConfigurationName = Release;
		};
		1AF0BD9F29CA62150039EB8B /* Build configuration list for PBXNativeTarget "AMTravelNotesUITests" */ = {
			isa = XCConfigurationList;
			buildConfigurations = (
				1AF0BDA029CA62150039EB8B /* Debug */,
				1AF0BDA129CA62150039EB8B /* Release */,
			);
			defaultConfigurationIsVisible = 0;
			defaultConfigurationName = Release;
		};
/* End XCConfigurationList section */

/* Begin XCRemoteSwiftPackageReference section */
		1AF0BDA229CA62720039EB8B /* XCRemoteSwiftPackageReference "automerge-swifter" */ = {
			isa = XCRemoteSwiftPackageReference;
			repositoryURL = "https://github.com/automerge/automerge-swifter";
			requirement = {
				kind = upToNextMajorVersion;
				minimumVersion = 0.0.1;
			};
		};
/* End XCRemoteSwiftPackageReference section */

/* Begin XCSwiftPackageProductDependency section */
		1AF0BDA329CA62720039EB8B /* Automerge */ = {
			isa = XCSwiftPackageProductDependency;
			package = 1AF0BDA229CA62720039EB8B /* XCRemoteSwiftPackageReference "automerge-swifter" */;
			productName = Automerge;
		};
/* End XCSwiftPackageProductDependency section */
	};
	rootObject = 1AF0BD6929CA62140039EB8B /* Project object */;
}
